
Microsoft Visual Studio Solution File, Format Version 12.00
# Visual Studio Version 16
VisualStudioVersion = 16.0.31613.86
MinimumVisualStudioVersion = 10.0.40219.1
Project("{FAE04EC0-301F-11D3-BF4B-00C04F79EFBC}") = "WebApp", "WebApp\WebApp.csproj", "{9CDD37A4-C62B-41C2-ABEC-1989201591C9}"
EndProject
Project("{00D1A9C2-B5F0-4AF3-8072-F6C62B433612}") = "WebApp.Database", "WebApp.Database\WebApp.Database.sqlproj", "{6BE3199A-5E86-4AD5-A82F-AEDD3514D2C1}"
EndProject
Global
	GlobalSection(SolutionConfigurationPlatforms) = preSolution
		Debug|Any CPU = Debug|Any CPU
		Release|Any CPU = Release|Any CPU
	EndGlobalSection
	GlobalSection(ProjectConfigurationPlatforms) = postSolution
		{9CDD37A4-C62B-41C2-ABEC-1989201591C9}.Debug|Any CPU.ActiveCfg = Debug|Any CPU
		{9CDD37A4-C62B-41C2-ABEC-1989201591C9}.Debug|Any CPU.Build.0 = Debug|Any CPU
		{9CDD37A4-C62B-41C2-ABEC-1989201591C9}.Release|Any CPU.ActiveCfg = Release|Any CPU
		{9CDD37A4-C62B-41C2-ABEC-1989201591C9}.Release|Any CPU.Build.0 = Release|Any CPU
		{6BE3199A-5E86-4AD5-A82F-AEDD3514D2C1}.Debug|Any CPU.ActiveCfg = Debug|Any CPU
		{6BE3199A-5E86-4AD5-A82F-AEDD3514D2C1}.Debug|Any CPU.Build.0 = Debug|Any CPU
		{6BE3199A-5E86-4AD5-A82F-AEDD3514D2C1}.Debug|Any CPU.Deploy.0 = Debug|Any CPU
		{6BE3199A-5E86-4AD5-A82F-AEDD3514D2C1}.Release|Any CPU.ActiveCfg = Release|Any CPU
		{6BE3199A-5E86-4AD5-A82F-AEDD3514D2C1}.Release|Any CPU.Build.0 = Release|Any CPU
		{6BE3199A-5E86-4AD5-A82F-AEDD3514D2C1}.Release|Any CPU.Deploy.0 = Release|Any CPU
	EndGlobalSection
	GlobalSection(SolutionProperties) = preSolution
		HideSolutionNode = FALSE
	EndGlobalSection
	GlobalSection(ExtensibilityGlobals) = postSolution
		SolutionGuid = {37C38108-2B83-4039-9D63-D5860C6086F9}
	EndGlobalSection
EndGlobal
